
Microsoft Visual Studio Solution File, Format Version 12.00
# Visual Studio 15
VisualStudioVersion = 15.0.28307.489
MinimumVisualStudioVersion = 10.0.40219.1
Project("{FAE04EC0-301F-11D3-BF4B-00C04F79EFBC}") = "DevIO.UI.Site", "src\DevIO.UI.Site\DevIO.UI.Site.csproj", "{3E8631D7-C9CE-46F6-BB56-09B97DE814DE}"
EndProject
Global
	GlobalSection(SolutionConfigurationPlatforms) = preSolution
		Debug|Any CPU = Debug|Any CPU
		Release|Any CPU = Release|Any CPU
	EndGlobalSection
	GlobalSection(ProjectConfigurationPlatforms) = postSolution
		{3E8631D7-C9CE-46F6-BB56-09B97DE814DE}.Debug|Any CPU.ActiveCfg = Debug|Any CPU
		{3E8631D7-C9CE-46F6-BB56-09B97DE814DE}.Debug|Any CPU.Build.0 = Debug|Any CPU
		{3E8631D7-C9CE-46F6-BB56-09B97DE814DE}.Release|Any CPU.ActiveCfg = Release|Any CPU
		{3E8631D7-C9CE-46F6-BB56-09B97DE814DE}.Release|Any CPU.Build.0 = Release|Any CPU
	EndGlobalSection
	GlobalSection(SolutionProperties) = preSolution
		HideSolutionNode = FALSE
	EndGlobalSection
	GlobalSection(ExtensibilityGlobals) = postSolution
		SolutionGuid = {55B64047-4551-409B-AC0B-A487756FA1AD}
	EndGlobalSection
EndGlobal
